
Microsoft Visual Studio Solution File, Format Version 12.00
# Visual Studio Version 16
VisualStudioVersion = 25.0.1704.0
MinimumVisualStudioVersion = 10.0.40219.1
Project("{FAE04EC0-301F-11D3-BF4B-00C04F79EFBC}") = "MusicPlayer_ConsoleApp", "MusicPlayer_ConsoleApp\MusicPlayer_ConsoleApp.csproj", "{956CA76D-597C-4ECF-A8EE-1F37F09A0FA5}"
EndProject
Global
	GlobalSection(SolutionConfigurationPlatforms) = preSolution
		Debug|Any CPU = Debug|Any CPU
		Release|Any CPU = Release|Any CPU
	EndGlobalSection
	GlobalSection(ProjectConfigurationPlatforms) = postSolution
		{956CA76D-597C-4ECF-A8EE-1F37F09A0FA5}.Debug|Any CPU.ActiveCfg = Debug|Any CPU
		{956CA76D-597C-4ECF-A8EE-1F37F09A0FA5}.Debug|Any CPU.Build.0 = Debug|Any CPU
		{956CA76D-597C-4ECF-A8EE-1F37F09A0FA5}.Release|Any CPU.ActiveCfg = Release|Any CPU
		{956CA76D-597C-4ECF-A8EE-1F37F09A0FA5}.Release|Any CPU.Build.0 = Release|Any CPU
	EndGlobalSection
	GlobalSection(SolutionProperties) = preSolution
		HideSolutionNode = FALSE
	EndGlobalSection
	GlobalSection(ExtensibilityGlobals) = postSolution
		SolutionGuid = {CAF503BB-C158-4581-945D-0C8634EE364E}
	EndGlobalSection
EndGlobal
